
Microsoft Visual Studio Solution File, Format Version 12.00
# Visual Studio Version 16
VisualStudioVersion = 16.0.29230.47
MinimumVisualStudioVersion = 10.0.40219.1
Project("{FAE04EC0-301F-11D3-BF4B-00C04F79EFBC}") = "EGMailProcessor", "EGMailProcessor\EGMailProcessor.csproj", "{B1D09D5A-7E0A-4003-A8EC-136699B2A9BA}"
EndProject
Project("{9092AA53-FB77-4645-B42D-1CCCA6BD08BD}") = "EGMailWebClient", "EGMailWebClient\EGMailWebClient.njsproj", "{773145A9-DDCB-491A-98C6-68BBC1EB7489}"
EndProject
Global
	GlobalSection(SolutionConfigurationPlatforms) = preSolution
		Debug|Any CPU = Debug|Any CPU
		Release|Any CPU = Release|Any CPU
	EndGlobalSection
	GlobalSection(ProjectConfigurationPlatforms) = postSolution
		{B1D09D5A-7E0A-4003-A8EC-136699B2A9BA}.Debug|Any CPU.ActiveCfg = Debug|Any CPU
		{B1D09D5A-7E0A-4003-A8EC-136699B2A9BA}.Debug|Any CPU.Build.0 = Debug|Any CPU
		{B1D09D5A-7E0A-4003-A8EC-136699B2A9BA}.Release|Any CPU.ActiveCfg = Release|Any CPU
		{B1D09D5A-7E0A-4003-A8EC-136699B2A9BA}.Release|Any CPU.Build.0 = Release|Any CPU
		{773145A9-DDCB-491A-98C6-68BBC1EB7489}.Debug|Any CPU.ActiveCfg = Debug|Any CPU
		{773145A9-DDCB-491A-98C6-68BBC1EB7489}.Debug|Any CPU.Build.0 = Debug|Any CPU
		{773145A9-DDCB-491A-98C6-68BBC1EB7489}.Release|Any CPU.ActiveCfg = Release|Any CPU
		{773145A9-DDCB-491A-98C6-68BBC1EB7489}.Release|Any CPU.Build.0 = Release|Any CPU
	EndGlobalSection
	GlobalSection(SolutionProperties) = preSolution
		HideSolutionNode = FALSE
	EndGlobalSection
	GlobalSection(ExtensibilityGlobals) = postSolution
		SolutionGuid = {BC3CF058-F072-4A55-B470-D8114D282E9B}
	EndGlobalSection
EndGlobal
